
Microsoft Visual Studio Solution File, Format Version 12.00
# Visual Studio 15
VisualStudioVersion = 15.0.28010.2026
MinimumVisualStudioVersion = 10.0.40219.1
Project("{FAE04EC0-301F-11D3-BF4B-00C04F79EFBC}") = "OpenXML.ExcelWrapper", "OpenXML.ExcelWrapper\OpenXML.ExcelWrapper.csproj", "{89B61B64-1B21-46BA-BB56-0280FDE310D7}"
EndProject
Project("{FAE04EC0-301F-11D3-BF4B-00C04F79EFBC}") = "ExcelWrapperConsole", "ExcelWrapperConsole\ExcelWrapperConsole.csproj", "{2287A15B-6084-41D5-B4F5-DA96AF4B4560}"
EndProject
Project("{FAE04EC0-301F-11D3-BF4B-00C04F79EFBC}") = "OpenXML.ExcelWrapper.Tests", "OpenXML.ExcelWrapper.Tests\OpenXML.ExcelWrapper.Tests.csproj", "{EF53800A-4BE1-4DC3-A437-B3488E877CF0}"
EndProject
Global
	GlobalSection(SolutionConfigurationPlatforms) = preSolution
		Debug|Any CPU = Debug|Any CPU
		Release|Any CPU = Release|Any CPU
	EndGlobalSection
	GlobalSection(ProjectConfigurationPlatforms) = postSolution
		{89B61B64-1B21-46BA-BB56-0280FDE310D7}.Debug|Any CPU.ActiveCfg = Debug|Any CPU
		{89B61B64-1B21-46BA-BB56-0280FDE310D7}.Debug|Any CPU.Build.0 = Debug|Any CPU
		{89B61B64-1B21-46BA-BB56-0280FDE310D7}.Release|Any CPU.ActiveCfg = Release|Any CPU
		{89B61B64-1B21-46BA-BB56-0280FDE310D7}.Release|Any CPU.Build.0 = Release|Any CPU
		{2287A15B-6084-41D5-B4F5-DA96AF4B4560}.Debug|Any CPU.ActiveCfg = Debug|Any CPU
		{2287A15B-6084-41D5-B4F5-DA96AF4B4560}.Debug|Any CPU.Build.0 = Debug|Any CPU
		{2287A15B-6084-41D5-B4F5-DA96AF4B4560}.Release|Any CPU.ActiveCfg = Release|Any CPU
		{2287A15B-6084-41D5-B4F5-DA96AF4B4560}.Release|Any CPU.Build.0 = Release|Any CPU
		{EF53800A-4BE1-4DC3-A437-B3488E877CF0}.Debug|Any CPU.ActiveCfg = Debug|Any CPU
		{EF53800A-4BE1-4DC3-A437-B3488E877CF0}.Debug|Any CPU.Build.0 = Debug|Any CPU
		{EF53800A-4BE1-4DC3-A437-B3488E877CF0}.Release|Any CPU.ActiveCfg = Release|Any CPU
		{EF53800A-4BE1-4DC3-A437-B3488E877CF0}.Release|Any CPU.Build.0 = Release|Any CPU
	EndGlobalSection
	GlobalSection(SolutionProperties) = preSolution
		HideSolutionNode = FALSE
	EndGlobalSection
	GlobalSection(ExtensibilityGlobals) = postSolution
		SolutionGuid = {2913ACA4-B894-41A4-8859-1C1F6A8D4C45}
	EndGlobalSection
EndGlobal
